
Microsoft Visual Studio Solution File, Format Version 12.00
# Visual Studio 15
VisualStudioVersion = 15.0.28010.2041
MinimumVisualStudioVersion = 10.0.40219.1
Project("{FAE04EC0-301F-11D3-BF4B-00C04F79EFBC}") = "HelloTriangle.VideoCore", "HelloTriangle.VideoCore.csproj", "{2125A880-2A7D-4122-988A-1075D0E1FB22}"
EndProject
Global
	GlobalSection(SolutionConfigurationPlatforms) = preSolution
		Debug|Any CPU = Debug|Any CPU
		Release|Any CPU = Release|Any CPU
	EndGlobalSection
	GlobalSection(ProjectConfigurationPlatforms) = postSolution
		{2125A880-2A7D-4122-988A-1075D0E1FB22}.Debug|Any CPU.ActiveCfg = Debug|Any CPU
		{2125A880-2A7D-4122-988A-1075D0E1FB22}.Debug|Any CPU.Build.0 = Debug|Any CPU
		{2125A880-2A7D-4122-988A-1075D0E1FB22}.Release|Any CPU.ActiveCfg = Release|Any CPU
		{2125A880-2A7D-4122-988A-1075D0E1FB22}.Release|Any CPU.Build.0 = Release|Any CPU
	EndGlobalSection
	GlobalSection(SolutionProperties) = preSolution
		HideSolutionNode = FALSE
	EndGlobalSection
	GlobalSection(ExtensibilityGlobals) = postSolution
		SolutionGuid = {D73F26FD-7FBE-4021-AB08-4D3251042A20}
	EndGlobalSection
EndGlobal
